{
  "name": "@mapbox/mapbox-events",
  "version": "0.2.0",
  "lockfileVersion": 1,
  "requires": true,
  "dependencies": {
    "acorn": {
      "version": "5.5.3",
      "resolved": "https://registry.npmjs.org/acorn/-/acorn-5.5.3.tgz",
      "integrity": "sha512-jd5MkIUlbbmb07nXH0DT3y7rDVtkzDi4XZOUVWAer8ajmF/DTSSbl5oNFyDOl/OXA33Bl79+ypHhl2pN20VeOQ=="
    },
    "amdefine": {
      "version": "1.0.1",
      "resolved": "https://registry.npmjs.org/amdefine/-/amdefine-1.0.1.tgz",
      "integrity": "sha1-SlKCrBZHKek2Gbz9OtFR+BfOkfU="
    },
    "ast-types": {
      "version": "0.9.6",
      "resolved": "https://registry.npmjs.org/ast-types/-/ast-types-0.9.6.tgz",
      "integrity": "sha1-ECyenpAF0+fjgpvwxPok7oYu6bk="
    },
    "balanced-match": {
      "version": "1.0.0",
      "resolved": "https://registry.npmjs.org/balanced-match/-/balanced-match-1.0.0.tgz",
      "integrity": "sha1-ibTRmasr7kneFk6gK4nORi1xt2c="
    },
    "base62": {
      "version": "1.2.7",
      "resolved": "https://registry.npmjs.org/base62/-/base62-1.2.7.tgz",
      "integrity": "sha512-ck0nDbXLEq2nD5jIcEzdpk07sYQ5P6z4NMTIgeQCFr5CCRZzmgUPlOes4o0k5pvEUQJnKO/D079ybzjpjIKf2Q=="
    },
    "brace-expansion": {
      "version": "1.1.11",
      "resolved": "https://registry.npmjs.org/brace-expansion/-/brace-expansion-1.1.11.tgz",
      "integrity": "sha512-iCuPHDFgrHX7H2vEI/5xpz07zSHB00TpugqhmYtVmMO6518mCuRMoOYFldEBl0g187ufozdaHgWKcYFb61qGiA==",
      "requires": {
        "balanced-match": "1.0.0",
        "concat-map": "0.0.1"
      }
    },
    "commander": {
      "version": "2.15.0",
      "resolved": "https://registry.npmjs.org/commander/-/commander-2.15.0.tgz",
      "integrity": "sha512-7B1ilBwtYSbetCgTY1NJFg+gVpestg0fdA1MhC1Vs4ssyfSXnCAjFr+QcQM9/RedXC0EaUx1sG8Smgw2VfgKEg=="
    },
    "commoner": {
      "version": "0.10.8",
      "resolved": "https://registry.npmjs.org/commoner/-/commoner-0.10.8.tgz",
      "integrity": "sha1-NPw2cs0kOT6LtH5wyqApOBH08sU=",
      "requires": {
        "commander": "2.15.0",
        "detective": "4.7.1",
        "glob": "5.0.15",
        "graceful-fs": "4.1.11",
        "iconv-lite": "0.4.19",
        "mkdirp": "0.5.1",
        "private": "0.1.8",
        "q": "1.5.1",
        "recast": "0.11.23"
      }
    },
    "concat-map": {
      "version": "0.0.1",
      "resolved": "https://registry.npmjs.org/concat-map/-/concat-map-0.0.1.tgz",
      "integrity": "sha1-2Klr13/Wjfd5OnMDajug1UBdR3s="
    },
    "concat-stream": {
      "version": "1.6.1",
      "resolved": "https://registry.npmjs.org/concat-stream/-/concat-stream-1.6.1.tgz",
      "integrity": "sha512-gslSSJx03QKa59cIKqeJO9HQ/WZMotvYJCuaUULrLpjj8oG40kV2Z+gz82pVxlTkOADi4PJxQPPfhl1ELYrrXw==",
      "dev": true,
      "requires": {
        "inherits": "2.0.3",
        "readable-stream": "2.3.5",
        "typedarray": "0.0.6"
      }
    },
    "core-util-is": {
      "version": "1.0.2",
      "resolved": "https://registry.npmjs.org/core-util-is/-/core-util-is-1.0.2.tgz",
      "integrity": "sha1-tf1UIgqivFq1eqtxQMlAdUUDwac=",
      "dev": true
    },
    "deep-equal": {
      "version": "0.2.2",
      "resolved": "https://registry.npmjs.org/deep-equal/-/deep-equal-0.2.2.tgz",
      "integrity": "sha1-hLdFiW80xoTpjyzg5Cq69Du6AX0=",
      "dev": true
    },
    "defined": {
      "version": "1.0.0",
      "resolved": "https://registry.npmjs.org/defined/-/defined-1.0.0.tgz",
      "integrity": "sha1-yY2bzvdWdBiOEQlpFRGZ45sfppM="
    },
    "detective": {
      "version": "4.7.1",
      "resolved": "https://registry.npmjs.org/detective/-/detective-4.7.1.tgz",
      "integrity": "sha512-H6PmeeUcZloWtdt4DAkFyzFL94arpHr3NOwwmVILFiy+9Qd4JTxxXrzfyGk/lmct2qVGBwTSwSXagqu2BxmWig==",
      "requires": {
        "acorn": "5.5.3",
        "defined": "1.0.0"
      }
    },
    "dom-walk": {
      "version": "0.1.1",
      "resolved": "https://registry.npmjs.org/dom-walk/-/dom-walk-0.1.1.tgz",
      "integrity": "sha1-ZyIm3HTI95mtNTB9+TaroRrNYBg="
    },
    "dox": {
      "version": "0.6.1",
      "resolved": "https://registry.npmjs.org/dox/-/dox-0.6.1.tgz",
      "integrity": "sha1-gkcHWtSydf6I+7rgL+EvPFSAp/0=",
      "dev": true,
      "requires": {
        "commander": "0.6.1",
        "jsdoctypeparser": "1.2.0",
        "marked": "0.3.17"
      },
      "dependencies": {
        "commander": {
          "version": "0.6.1",
          "resolved": "https://registry.npmjs.org/commander/-/commander-0.6.1.tgz",
          "integrity": "sha1-+mihT2qUXVTbvlDYzbMyDp47GgY=",
          "dev": true
        }
      }
    },
    "doxme": {
      "version": "1.8.2",
      "resolved": "https://registry.npmjs.org/doxme/-/doxme-1.8.2.tgz",
      "integrity": "sha1-jcPEo4aCpOlqcuACnqrVwaNUZEI=",
      "dev": true,
      "requires": {
        "concat-stream": "1.6.1",
        "markdown-table": "0.3.2",
        "minimist": "1.2.0",
        "repo-path-parse": "1.0.1",
        "striptags": "2.2.1"
      }
    },
    "envify": {
      "version": "3.4.1",
      "resolved": "https://registry.npmjs.org/envify/-/envify-3.4.1.tgz",
      "integrity": "sha1-1xIjKejfFoi6dxsSUBkXyc5cvOg=",
      "requires": {
        "jstransform": "11.0.3",
        "through": "2.3.8"
      }
    },
    "esprima-fb": {
      "version": "15001.1.0-dev-harmony-fb",
      "resolved": "https://registry.npmjs.org/esprima-fb/-/esprima-fb-15001.1.0-dev-harmony-fb.tgz",
      "integrity": "sha1-MKlHMDxrjV6VW+4rmbHSMyBqaQE="
    },
    "faker": {
      "version": "2.1.5",
      "resolved": "https://registry.npmjs.org/faker/-/faker-2.1.5.tgz",
      "integrity": "sha1-4H+L/14SYuZ/1Rk/ygeF9MpoEVA=",
      "dev": true
    },
    "for-each": {
      "version": "0.3.2",
      "resolved": "https://registry.npmjs.org/for-each/-/for-each-0.3.2.tgz",
      "integrity": "sha1-LEBFC5NI6X8oEyJZO6lnBLmr1NQ=",
      "requires": {
        "is-function": "1.0.1"
      }
    },
    "glob": {
      "version": "5.0.15",
      "resolved": "https://registry.npmjs.org/glob/-/glob-5.0.15.tgz",
      "integrity": "sha1-G8k2ueAvSmA/zCIuz3Yz0wuLk7E=",
      "requires": {
        "inflight": "1.0.6",
        "inherits": "2.0.3",
        "minimatch": "3.0.4",
        "once": "1.4.0",
        "path-is-absolute": "1.0.1"
      }
    },
    "global": {
      "version": "4.3.2",
      "resolved": "https://registry.npmjs.org/global/-/global-4.3.2.tgz",
      "integrity": "sha1-52mJJopsdMOJCLEwWxD8DjlOnQ8=",
      "requires": {
        "min-document": "2.19.0",
        "process": "0.5.2"
      }
    },
    "graceful-fs": {
      "version": "4.1.11",
      "resolved": "https://registry.npmjs.org/graceful-fs/-/graceful-fs-4.1.11.tgz",
      "integrity": "sha1-Dovf5NHduIVNZOBOp8AOKgJuVlg="
    },
    "hat": {
      "version": "0.0.3",
      "resolved": "https://registry.npmjs.org/hat/-/hat-0.0.3.tgz",
      "integrity": "sha1-uwFKnmSzeIrtgAWRdBPU/z1QLYo="
    },
    "iconv-lite": {
      "version": "0.4.19",
      "resolved": "https://registry.npmjs.org/iconv-lite/-/iconv-lite-0.4.19.tgz",
      "integrity": "sha512-oTZqweIP51xaGPI4uPa56/Pri/480R+mo7SeU+YETByQNhDG55ycFyNLIgta9vXhILrxXDmF7ZGhqZIcuN0gJQ=="
    },
    "inflight": {
      "version": "1.0.6",
      "resolved": "https://registry.npmjs.org/inflight/-/inflight-1.0.6.tgz",
      "integrity": "sha1-Sb1jMdfQLQwJvJEKEHW6gWW1bfk=",
      "requires": {
        "once": "1.4.0",
        "wrappy": "1.0.2"
      }
    },
    "inherits": {
      "version": "2.0.3",
      "resolved": "https://registry.npmjs.org/inherits/-/inherits-2.0.3.tgz",
      "integrity": "sha1-Yzwsg+PaQqUC9SRmAiSA9CCCYd4="
    },
    "is-function": {
      "version": "1.0.1",
      "resolved": "https://registry.npmjs.org/is-function/-/is-function-1.0.1.tgz",
      "integrity": "sha1-Es+5i2W1fdPRk6MSH19uL0N2ArU="
    },
    "isarray": {
      "version": "1.0.0",
      "resolved": "https://registry.npmjs.org/isarray/-/isarray-1.0.0.tgz",
      "integrity": "sha1-u5NdSFgsuhaMBoNJV6VKPgcSTxE=",
      "dev": true
    },
    "jsdoctypeparser": {
      "version": "1.2.0",
      "resolved": "https://registry.npmjs.org/jsdoctypeparser/-/jsdoctypeparser-1.2.0.tgz",
      "integrity": "sha1-597cFToRhJ/8UUEUSuhqfvDCU5I=",
      "dev": true,
      "requires": {
        "lodash": "3.10.1"
      }
    },
    "jstransform": {
      "version": "11.0.3",
      "resolved": "https://registry.npmjs.org/jstransform/-/jstransform-11.0.3.tgz",
      "integrity": "sha1-CaeJk+CuTU70SH9hVakfYZDLQiM=",
      "requires": {
        "base62": "1.2.7",
        "commoner": "0.10.8",
        "esprima-fb": "15001.1.0-dev-harmony-fb",
        "object-assign": "2.1.1",
        "source-map": "0.4.4"
      }
    },
    "lodash": {
      "version": "3.10.1",
      "resolved": "https://registry.npmjs.org/lodash/-/lodash-3.10.1.tgz",
      "integrity": "sha1-W/Rejkm6QYnhfUgnid/RW9FAt7Y=",
      "dev": true
    },
    "lodash-compat": {
      "version": "3.3.0",
      "resolved": "https://registry.npmjs.org/lodash-compat/-/lodash-compat-3.3.0.tgz",
      "integrity": "sha1-n7VZgfxjfagi1DFRiO72JhKKDMI="
    },
    "lru-cache": {
      "version": "2.7.3",
      "resolved": "https://registry.npmjs.org/lru-cache/-/lru-cache-2.7.3.tgz",
      "integrity": "sha1-bUUk6LlV+V1PW1iFHOId1y+06VI=",
      "dev": true
    },
    "markdown-table": {
      "version": "0.3.2",
      "resolved": "https://registry.npmjs.org/markdown-table/-/markdown-table-0.3.2.tgz",
      "integrity": "sha1-qwUBQlEXIYxJh1TVfiRNzUqAIy4=",
      "dev": true
    },
    "marked": {
      "version": "0.3.17",
      "resolved": "https://registry.npmjs.org/marked/-/marked-0.3.17.tgz",
      "integrity": "sha512-+AKbNsjZl6jFfLPwHhWmGTqE009wTKn3RTmn9K8oUKHrX/abPJjtcRtXpYB/FFrwPJRUA86LX/de3T0knkPCmQ==",
      "dev": true
    },
    "min-document": {
      "version": "2.19.0",
      "resolved": "https://registry.npmjs.org/min-document/-/min-document-2.19.0.tgz",
      "integrity": "sha1-e9KC4/WELtKVu3SM3Z8f+iyCRoU=",
      "requires": {
        "dom-walk": "0.1.1"
      }
    },
    "minimatch": {
      "version": "3.0.4",
      "resolved": "https://registry.npmjs.org/minimatch/-/minimatch-3.0.4.tgz",
      "integrity": "sha512-yJHVQEhyqPLUTgt9B83PXu6W3rx4MvvHvSUvToogpwoGDOUQ+yDrR0HRot+yOCdCO7u4hX3pWft6kWBBcqh0UA==",
      "requires": {
        "brace-expansion": "1.1.11"
      }
    },
    "minimist": {
      "version": "1.2.0",
      "resolved": "https://registry.npmjs.org/minimist/-/minimist-1.2.0.tgz",
      "integrity": "sha1-o1AIsg9BOD7sH7kU9M1d95omQoQ=",
      "dev": true
    },
    "mkdirp": {
      "version": "0.5.1",
      "resolved": "https://registry.npmjs.org/mkdirp/-/mkdirp-0.5.1.tgz",
      "integrity": "sha1-MAV0OOrGz3+MR2fzhkjWaX11yQM=",
      "requires": {
        "minimist": "0.0.8"
      },
      "dependencies": {
        "minimist": {
          "version": "0.0.8",
          "resolved": "https://registry.npmjs.org/minimist/-/minimist-0.0.8.tgz",
          "integrity": "sha1-hX/Kv8M5fSYluCKCYuhqp6ARsF0="
        }
      }
    },
    "object-assign": {
      "version": "2.1.1",
      "resolved": "https://registry.npmjs.org/object-assign/-/object-assign-2.1.1.tgz",
      "integrity": "sha1-Q8NuXVaf+OSBbE76i+AtJpZ8GKo="
    },
    "object-inspect": {
      "version": "0.4.0",
      "resolved": "https://registry.npmjs.org/object-inspect/-/object-inspect-0.4.0.tgz",
      "integrity": "sha1-9RV8EWwUVbJDsG7pdwM5LFrYn+w=",
      "dev": true
    },
    "once": {
      "version": "1.4.0",
      "resolved": "https://registry.npmjs.org/once/-/once-1.4.0.tgz",
      "integrity": "sha1-WDsap3WWHUsROsF9nFC6753Xa9E=",
      "requires": {
        "wrappy": "1.0.2"
      }
    },
    "parse-headers": {
      "version": "2.0.1",
      "resolved": "https://registry.npmjs.org/parse-headers/-/parse-headers-2.0.1.tgz",
      "integrity": "sha1-aug6eqJanZtwCswoaYzR8e1+lTY=",
      "requires": {
        "for-each": "0.3.2",
        "trim": "0.0.1"
      }
    },
    "path-is-absolute": {
      "version": "1.0.1",
      "resolved": "https://registry.npmjs.org/path-is-absolute/-/path-is-absolute-1.0.1.tgz",
      "integrity": "sha1-F0uSaHNVNP+8es5r9TpanhtcX18="
    },
    "private": {
      "version": "0.1.8",
      "resolved": "https://registry.npmjs.org/private/-/private-0.1.8.tgz",
      "integrity": "sha512-VvivMrbvd2nKkiG38qjULzlc+4Vx4wm/whI9pQD35YrARNnhxeiRktSOhSukRLFNlzg6Br/cJPet5J/u19r/mg=="
    },
    "process": {
      "version": "0.5.2",
      "resolved": "https://registry.npmjs.org/process/-/process-0.5.2.tgz",
      "integrity": "sha1-FjjYqONML0QKkduVq5rrZ3/Bhc8="
    },
    "process-nextick-args": {
      "version": "2.0.0",
      "resolved": "https://registry.npmjs.org/process-nextick-args/-/process-nextick-args-2.0.0.tgz",
      "integrity": "sha512-MtEC1TqN0EU5nephaJ4rAtThHtC86dNN9qCuEhtshvpVBkAW5ZO7BASN9REnF9eoXGcRub+pFuKEpOHE+HbEMw==",
      "dev": true
    },
    "q": {
      "version": "1.5.1",
      "resolved": "https://registry.npmjs.org/q/-/q-1.5.1.tgz",
      "integrity": "sha1-fjL3W0E4EpHQRhHxvxQQmsAGUdc="
    },
    "readable-stream": {
      "version": "2.3.5",
      "resolved": "https://registry.npmjs.org/readable-stream/-/readable-stream-2.3.5.tgz",
      "integrity": "sha512-tK0yDhrkygt/knjowCUiWP9YdV7c5R+8cR0r/kt9ZhBU906Fs6RpQJCEilamRJj1Nx2rWI6LkW9gKqjTkshhEw==",
      "dev": true,
      "requires": {
        "core-util-is": "1.0.2",
        "inherits": "2.0.3",
        "isarray": "1.0.0",
        "process-nextick-args": "2.0.0",
        "safe-buffer": "5.1.1",
        "string_decoder": "1.0.3",
        "util-deprecate": "1.0.2"
      }
    },
    "recast": {
      "version": "0.11.23",
      "resolved": "https://registry.npmjs.org/recast/-/recast-0.11.23.tgz",
      "integrity": "sha1-RR/TAEqx5N+bTktmN2sqIZEkYtM=",
      "requires": {
        "ast-types": "0.9.6",
        "esprima": "3.1.3",
        "private": "0.1.8",
        "source-map": "0.5.7"
      },
      "dependencies": {
        "esprima": {
          "version": "3.1.3",
          "resolved": "https://registry.npmjs.org/esprima/-/esprima-3.1.3.tgz",
          "integrity": "sha1-/cpRzuYTOJXjyI1TXOSdv/YqRjM="
        },
        "source-map": {
          "version": "0.5.7",
          "resolved": "https://registry.npmjs.org/source-map/-/source-map-0.5.7.tgz",
          "integrity": "sha1-igOdLRAh0i0eoUyA2OpGi6LvP8w="
        }
      }
    },
    "repo-path-parse": {
      "version": "1.0.1",
      "resolved": "https://registry.npmjs.org/repo-path-parse/-/repo-path-parse-1.0.1.tgz",
      "integrity": "sha1-xRD71c1H7qBNgcozzF1NUzyNpgo=",
      "dev": true,
      "requires": {
        "dox": "0.6.1",
        "doxme": "1.8.2"
      }
    },
    "resumer": {
      "version": "0.0.0",
      "resolved": "https://registry.npmjs.org/resumer/-/resumer-0.0.0.tgz",
      "integrity": "sha1-8ej0YeQGS6Oegq883CqMiT0HZ1k=",
      "dev": true,
      "requires": {
        "through": "2.3.8"
      }
    },
    "safe-buffer": {
      "version": "5.1.1",
      "resolved": "https://registry.npmjs.org/safe-buffer/-/safe-buffer-5.1.1.tgz",
      "integrity": "sha512-kKvNJn6Mm93gAczWVJg7wH+wGYWNrDHdWvpUmHyEsgCtIwwo3bqPtV4tR5tuPaUhTOo/kvhVwd8XwwOllGYkbg==",
      "dev": true
    },
    "sigmund": {
      "version": "1.0.1",
      "resolved": "https://registry.npmjs.org/sigmund/-/sigmund-1.0.1.tgz",
      "integrity": "sha1-P/IfGYytIXX587eBhT/ZTQ0ZtZA=",
      "dev": true
    },
    "source-map": {
      "version": "0.4.4",
      "resolved": "https://registry.npmjs.org/source-map/-/source-map-0.4.4.tgz",
      "integrity": "sha1-66T12pwNyZneaAMti092FzZSA2s=",
      "requires": {
        "amdefine": "1.0.1"
      }
    },
    "string_decoder": {
      "version": "1.0.3",
      "resolved": "https://registry.npmjs.org/string_decoder/-/string_decoder-1.0.3.tgz",
      "integrity": "sha512-4AH6Z5fzNNBcH+6XDMfA/BTt87skxqJlO0lAh3Dker5zThcAxG6mKz+iGu308UKoPPQ8Dcqx/4JhujzltRa+hQ==",
      "dev": true,
      "requires": {
        "safe-buffer": "5.1.1"
      }
    },
    "striptags": {
      "version": "2.2.1",
      "resolved": "https://registry.npmjs.org/striptags/-/striptags-2.2.1.tgz",
      "integrity": "sha1-TEULcI1BuL85zyTEn/I0/Gqr/TI=",
      "dev": true
    },
    "tape": {
      "version": "3.6.1",
      "resolved": "https://registry.npmjs.org/tape/-/tape-3.6.1.tgz",
      "integrity": "sha1-SJPdU+KApfWMDOswwsDrs7zVHh8=",
      "dev": true,
      "requires": {
        "deep-equal": "0.2.2",
        "defined": "0.0.0",
        "glob": "3.2.11",
        "inherits": "2.0.3",
        "object-inspect": "0.4.0",
        "resumer": "0.0.0",
        "through": "2.3.8"
      },
      "dependencies": {
        "defined": {
          "version": "0.0.0",
          "resolved": "https://registry.npmjs.org/defined/-/defined-0.0.0.tgz",
          "integrity": "sha1-817qfXBekzuvE7LwOz+D2SFAOz4=",
          "dev": true
        },
        "glob": {
          "version": "3.2.11",
          "resolved": "https://registry.npmjs.org/glob/-/glob-3.2.11.tgz",
          "integrity": "sha1-Spc/Y1uRkPcV0QmH1cAP0oFevj0=",
          "dev": true,
          "requires": {
            "inherits": "2.0.3",
            "minimatch": "0.3.0"
          }
        },
        "minimatch": {
          "version": "0.3.0",
          "resolved": "https://registry.npmjs.org/minimatch/-/minimatch-0.3.0.tgz",
          "integrity": "sha1-J12O2qxPG7MyZHIInnlJyDlGmd0=",
          "dev": true,
          "requires": {
            "lru-cache": "2.7.3",
            "sigmund": "1.0.1"
          }
        }
      }
    },
    "through": {
      "version": "2.3.8",
      "resolved": "https://registry.npmjs.org/through/-/through-2.3.8.tgz",
      "integrity": "sha1-DdTJ/6q8NXlgsbckEV1+Doai4fU="
    },
    "trim": {
      "version": "0.0.1",
      "resolved": "https://registry.npmjs.org/trim/-/trim-0.0.1.tgz",
      "integrity": "sha1-WFhUf2spB1fulczMZm+1AITEYN0="
    },
    "typedarray": {
      "version": "0.0.6",
      "resolved": "https://registry.npmjs.org/typedarray/-/typedarray-0.0.6.tgz",
      "integrity": "sha1-hnrHTjhkGHsdPUfZlqeOxciDB3c=",
      "dev": true
    },
    "util-deprecate": {
      "version": "1.0.2",
      "resolved": "https://registry.npmjs.org/util-deprecate/-/util-deprecate-1.0.2.tgz",
      "integrity": "sha1-RQ1Nyfpw3nMnYvvS1KKJgUGaDM8=",
      "dev": true
    },
    "wrappy": {
      "version": "1.0.2",
      "resolved": "https://registry.npmjs.org/wrappy/-/wrappy-1.0.2.tgz",
      "integrity": "sha1-tSQ9jz7BqjXxNkYFvA0QNuMKtp8="
    },
    "xhr": {
      "version": "2.4.1",
      "resolved": "https://registry.npmjs.org/xhr/-/xhr-2.4.1.tgz",
      "integrity": "sha512-pAIU5vBr9Hiy5cpFIbPnwf0C18ZF86DBsZKrlsf87N5De/JbA6RJ83UP/cv+aljl4S40iRVMqP4pr4sF9Dnj0A==",
      "requires": {
        "global": "4.3.2",
        "is-function": "1.0.1",
        "parse-headers": "2.0.1",
        "xtend": "4.0.1"
      }
    },
    "xtend": {
      "version": "4.0.1",
      "resolved": "https://registry.npmjs.org/xtend/-/xtend-4.0.1.tgz",
      "integrity": "sha1-pcbVMr5lbiPbgg77lDofBJmNY68="
    }
  }
}
